
Microsoft Visual Studio Solution File, Format Version 12.00
# Visual Studio Version 17
VisualStudioVersion = 17.8.34511.84
MinimumVisualStudioVersion = 10.0.40219.1
Project("{FAE04EC0-301F-11D3-BF4B-00C04F79EFBC}") = "MainAndCar", "MainAndCar.csproj", "{CBD81222-40C8-4EB1-9284-B16AE7682D25}"
EndProject
Global
	GlobalSection(SolutionConfigurationPlatforms) = preSolution
		Debug|Any CPU = Debug|Any CPU
		Release|Any CPU = Release|Any CPU
	EndGlobalSection
	GlobalSection(ProjectConfigurationPlatforms) = postSolution
		{CBD81222-40C8-4EB1-9284-B16AE7682D25}.Debug|Any CPU.ActiveCfg = Debug|Any CPU
		{CBD81222-40C8-4EB1-9284-B16AE7682D25}.Debug|Any CPU.Build.0 = Debug|Any CPU
		{CBD81222-40C8-4EB1-9284-B16AE7682D25}.Release|Any CPU.ActiveCfg = Release|Any CPU
		{CBD81222-40C8-4EB1-9284-B16AE7682D25}.Release|Any CPU.Build.0 = Release|Any CPU
	EndGlobalSection
	GlobalSection(SolutionProperties) = preSolution
		HideSolutionNode = FALSE
	EndGlobalSection
	GlobalSection(ExtensibilityGlobals) = postSolution
		SolutionGuid = {5A273A46-462C-4D6A-8101-4372A3BFEE7A}
	EndGlobalSection
EndGlobal
